
Microsoft Visual Studio Solution File, Format Version 12.00
# Visual Studio Version 17
VisualStudioVersion = 17.5.002.0
MinimumVisualStudioVersion = 10.0.40219.1
Project("{9A19103F-16F7-4668-BE54-9A1E7A4F7556}") = "game", "game.csproj", "{10D0024F-CD59-4018-A6BD-5F0D80D5EE61}"
EndProject
Global
	GlobalSection(SolutionConfigurationPlatforms) = preSolution
		Debug|Any CPU = Debug|Any CPU
		Release|Any CPU = Release|Any CPU
	EndGlobalSection
	GlobalSection(ProjectConfigurationPlatforms) = postSolution
		{10D0024F-CD59-4018-A6BD-5F0D80D5EE61}.Debug|Any CPU.ActiveCfg = Debug|Any CPU
		{10D0024F-CD59-4018-A6BD-5F0D80D5EE61}.Debug|Any CPU.Build.0 = Debug|Any CPU
		{10D0024F-CD59-4018-A6BD-5F0D80D5EE61}.Release|Any CPU.ActiveCfg = Release|Any CPU
		{10D0024F-CD59-4018-A6BD-5F0D80D5EE61}.Release|Any CPU.Build.0 = Release|Any CPU
	EndGlobalSection
	GlobalSection(SolutionProperties) = preSolution
		HideSolutionNode = FALSE
	EndGlobalSection
	GlobalSection(ExtensibilityGlobals) = postSolution
		SolutionGuid = {F69D041A-70F6-4F90-8B6D-FAAD41080CF3}
	EndGlobalSection
EndGlobal
